
Microsoft Visual Studio Solution File, Format Version 12.00
# Visual Studio Version 17
VisualStudioVersion = 17.4.33205.214
MinimumVisualStudioVersion = 10.0.40219.1
Project("{FAE04EC0-301F-11D3-BF4B-00C04F79EFBC}") = "LINQ to XML homework 09.03.2023", "LINQ to XML homework 09.03.2023.csproj", "{7CC5C7FE-A883-4B56-8299-CA92B8AF3F31}"
EndProject
Global
	GlobalSection(SolutionConfigurationPlatforms) = preSolution
		Debug|Any CPU = Debug|Any CPU
		Release|Any CPU = Release|Any CPU
	EndGlobalSection
	GlobalSection(ProjectConfigurationPlatforms) = postSolution
		{7CC5C7FE-A883-4B56-8299-CA92B8AF3F31}.Debug|Any CPU.ActiveCfg = Debug|Any CPU
		{7CC5C7FE-A883-4B56-8299-CA92B8AF3F31}.Debug|Any CPU.Build.0 = Debug|Any CPU
		{7CC5C7FE-A883-4B56-8299-CA92B8AF3F31}.Release|Any CPU.ActiveCfg = Release|Any CPU
		{7CC5C7FE-A883-4B56-8299-CA92B8AF3F31}.Release|Any CPU.Build.0 = Release|Any CPU
	EndGlobalSection
	GlobalSection(SolutionProperties) = preSolution
		HideSolutionNode = FALSE
	EndGlobalSection
	GlobalSection(ExtensibilityGlobals) = postSolution
		SolutionGuid = {C4975B02-22A8-4AA0-850C-FEE597FAED90}
	EndGlobalSection
EndGlobal
